
Microsoft Visual Studio Solution File, Format Version 12.00
# Visual Studio Version 16
VisualStudioVersion = 16.0.30413.136
MinimumVisualStudioVersion = 10.0.40219.1
Project("{FAE04EC0-301F-11D3-BF4B-00C04F79EFBC}") = "dot_install_basic_csharp", "dot_install_basic_csharp\dot_install_basic_csharp.csproj", "{E7C9A984-56A7-43C0-9343-BFAEE182269A}"
EndProject
Global
	GlobalSection(SolutionConfigurationPlatforms) = preSolution
		Debug|Any CPU = Debug|Any CPU
		Release|Any CPU = Release|Any CPU
	EndGlobalSection
	GlobalSection(ProjectConfigurationPlatforms) = postSolution
		{E7C9A984-56A7-43C0-9343-BFAEE182269A}.Debug|Any CPU.ActiveCfg = Debug|Any CPU
		{E7C9A984-56A7-43C0-9343-BFAEE182269A}.Debug|Any CPU.Build.0 = Debug|Any CPU
		{E7C9A984-56A7-43C0-9343-BFAEE182269A}.Release|Any CPU.ActiveCfg = Release|Any CPU
		{E7C9A984-56A7-43C0-9343-BFAEE182269A}.Release|Any CPU.Build.0 = Release|Any CPU
	EndGlobalSection
	GlobalSection(SolutionProperties) = preSolution
		HideSolutionNode = FALSE
	EndGlobalSection
	GlobalSection(ExtensibilityGlobals) = postSolution
		SolutionGuid = {ED8B5989-A426-4A9B-A980-2045A34E5B30}
	EndGlobalSection
EndGlobal
